# THIS IS AN AUTOGENERATED FILE. DO NOT EDIT THIS FILE DIRECTLY.
# yarn lockfile v1


debug@^4.0.1:
  version "4.1.1"
  resolved "https://registry.yarnpkg.com/debug/-/debug-4.1.1.tgz#3b72260255109c6b589cee050f1d516139664791"
  integrity sha512-pYAIzeRo8J6KPEaJ0VWOh5Pzkbw/RetuzehGM7QRRX5he4fPHx2rdKMB256ehJCkX+XRQm16eZLqLNS8RSZXZw==
  dependencies:
    ms "^2.1.1"

escape-goat@^2.0.0:
  version "2.1.1"
  resolved "https://registry.yarnpkg.com/escape-goat/-/escape-goat-2.1.1.tgz#1b2dc77003676c457ec760b2dc68edb648188675"
  integrity sha512-8/uIhbG12Csjy2JEW7D9pHbreaVaS/OpN3ycnyvElTdwM5n6GY6W6e2IPemfvGZeUMqZ9A/3GqIZMgKnBhAw/Q==

minimist@^1.2.0:
  version "1.2.0"
  resolved "https://registry.yarnpkg.com/minimist/-/minimist-1.2.0.tgz#a35008b20f41383eec1fb914f4cd5df79a264284"
  integrity sha1-o1AIsg9BOD7sH7kU9M1d95omQoQ=

minimisted@^2.0.0:
  version "2.0.0"
  resolved "https://registry.yarnpkg.com/minimisted/-/minimisted-2.0.0.tgz#5e3295e74ed701b1cbeaa863a888181d6efbe8ce"
  integrity sha512-oP88Dw3LK/pdrKyMdlbmg3W50969UNr4ctISzJfPl+YPYHTAOrS+dihXnsgRNKSRIzDsrnV3eE2CCVlZbpOKdQ==
  dependencies:
    minimist "^1.2.0"

ms@^2.1.1:
  version "2.1.2"
  resolved "https://registry.yarnpkg.com/ms/-/ms-2.1.2.tgz#d09d1f357b443f493382a8eb3ccd183872ae6009"
  integrity sha512-sGkPx+VjMtmA6MX27oA4FBFELFCZZ4S4XqeGOXCv68tT+jb3vk/RyaKWP0PTKyWtmLSM0b+adUTEvbs1PEaH2w==

pupa@^2.0.1:
  version "2.0.1"
  resolved "https://registry.yarnpkg.com/pupa/-/pupa-2.0.1.tgz#dbdc9ff48ffbea4a26a069b6f9f7abb051008726"
  integrity sha512-hEJH0s8PXLY/cdXh66tNEQGndDrIKNqNC5xmrysZy3i5C3oEoLna7YAOad+7u125+zH1HNXUmGEkrhb3c2VriA==
  dependencies:
    escape-goat "^2.0.0"

simple-git@^1.126.0:
  version "1.126.0"
  resolved "https://registry.yarnpkg.com/simple-git/-/simple-git-1.126.0.tgz#0c345372275139c8433b8277f4b3e155092aa434"
  integrity sha512-47mqHxgZnN8XRa9HbpWprzUv3Ooqz9RY/LSZgvA7jCkW8jcwLahMz7LKugY91KZehfG0sCVPtgXiU72hd6b1Bw==
  dependencies:
    debug "^4.0.1"
